{
  "name": "nexora-spaces-website",
  "version": "2.0.0",
  "lockfileVersion": 3,
  "requires": true,
  "packages": {
    "": {
      "name": "nexora-spaces-website",
      "version": "2.0.0",
      "devDependencies": {
        "@fontsource-variable/fraunces": "^5.2.5",
        "@fontsource-variable/inter": "^5.2.5",
        "clean-css": "^5.3.3",
        "html-minifier-terser": "^7.2.0",
        "puppeteer-core": "^25.4.0",
        "sharp": "^0.35.3",
        "terser": "^5.44.0"
      },
      "engines": {
        "node": ">=18"
      }
    },
    "node_modules/@emnapi/runtime": {
      "version": "1.11.3",
      "resolved": "https://registry.npmjs.org/@emnapi/runtime/-/runtime-1.11.3.tgz",
      "integrity": "sha512-Xz4Tpyki7XyrpbUK1jR1AhdAdaXyhhY4lZ3neLodmhpuWfy2PAQN5B46sAiU4liOXGLkHypn/qU+jvfWSCYYLA==",
      "dev": true,
      "license": "MIT",
      "optional": true,
      "dependencies": {
        "tslib": "^2.4.0"
      }
    },
    "node_modules/@fontsource-variable/fraunces": {
      "version": "5.3.0",
      "resolved": "https://registry.npmjs.org/@fontsource-variable/fraunces/-/fraunces-5.3.0.tgz",
      "integrity": "sha512-9BYGySn4AHEJdgp9Z28tQ3X+laJMEOITXkQarZXeloWQZDq5oOvXJ3kDA8c7MGIfpogIaZfjrQBqmda8POOCKA==",
      "dev": true,
      "license": "OFL-1.1",
      "funding": {
        "url": "https://github.com/sponsors/ayuhito"
      }
    },
    "node_modules/@fontsource-variable/inter": {
      "version": "5.3.0",
      "resolved": "https://registry.npmjs.org/@fontsource-variable/inter/-/inter-5.3.0.tgz",
      "integrity": "sha512-OupL48va4JNofb97w6NYeF9S7W/kHNKM0Er8Dem5nqi4jeOLrVJDoE8tZEpnMJmtkvNbB1EIPPwHcdkF6b1oUA==",
      "dev": true,
      "license": "OFL-1.1",
      "funding": {
        "url": "https://github.com/sponsors/ayuhito"
      }
    },
    "node_modules/@img/colour": {
      "version": "1.1.0",
      "resolved": "https://registry.npmjs.org/@img/colour/-/colour-1.1.0.tgz",
      "integrity": "sha512-Td76q7j57o/tLVdgS746cYARfSyxk8iEfRxewL9h4OMzYhbW4TAcppl0mT4eyqXddh6L/jwoM75mo7ixa/pCeQ==",
      "dev": true,
      "license": "MIT",
      "engines": {
        "node": ">=18"
      }
    },
    "node_modules/@img/sharp-darwin-arm64": {
      "version": "0.35.3",
      "resolved": "https://registry.npmjs.org/@img/sharp-darwin-arm64/-/sharp-darwin-arm64-0.35.3.tgz",
      "integrity": "sha512-RMnFX7YQsMoh7lWfcM4NEHHymBX/rLuKNPVM84XE9ONPcaSCDgE7CHIHpSgPcO2xcRthgBy1HfNO319mwhIAkg==",
      "cpu": [
        "arm64"
      ],
      "dev": true,
      "license": "Apache-2.0",
      "optional": true,
      "os": [
        "darwin"
      ],
      "engines": {
        "node": ">=20.9.0"
      },
      "funding": {
        "url": "https://opencollective.com/libvips"
      },
      "optionalDependencies": {
        "@img/sharp-libvips-darwin-arm64": "1.3.2"
      }
    },
    "node_modules/@img/sharp-darwin-x64": {
      "version": "0.35.3",
      "resolved": "https://registry.npmjs.org/@img/sharp-darwin-x64/-/sharp-darwin-x64-0.35.3.tgz",
      "integrity": "sha512-Xo+5uFBtLN0BKqieTxiFzFPQAUlBbbH5iBKyRX/z1JrbnYsHTfKJnUfL8+p2TPXr1pXqao4eeL4Rl144uDpK9w==",
      "cpu": [
        "x64"
      ],
      "dev": true,
      "license": "Apache-2.0",
      "optional": true,
      "os": [
        "darwin"
      ],
      "engines": {
        "node": ">=20.9.0"
      },
      "funding": {
        "url": "https://opencollective.com/libvips"
      },
      "optionalDependencies": {
        "@img/sharp-libvips-darwin-x64": "1.3.2"
      }
    },
    "node_modules/@img/sharp-freebsd-wasm32": {
      "version": "0.35.3",
      "resolved": "https://registry.npmjs.org/@img/sharp-freebsd-wasm32/-/sharp-freebsd-wasm32-0.35.3.tgz",
      "integrity": "sha512-lUxcqWIj2wMQ9BrwNjngcr1gWUr5xgaGThBRqPPalIC2n67Cqj1uPh8NnA/ZhAg8hUbKl+kVHKwgUIwe6ZYPrg==",
      "dev": true,
      "license": "Apache-2.0",
      "optional": true,
      "os": [
        "freebsd"
      ],
      "dependencies": {
        "@img/sharp-wasm32": "0.35.3"
      },
      "engines": {
        "node": ">=20.9.0"
      },
      "funding": {
        "url": "https://opencollective.com/libvips"
      }
    },
    "node_modules/@img/sharp-libvips-darwin-arm64": {
      "version": "1.3.2",
      "resolved": "https://registry.npmjs.org/@img/sharp-libvips-darwin-arm64/-/sharp-libvips-darwin-arm64-1.3.2.tgz",
      "integrity": "sha512-9J6ypZFpQBj4YnePGoq/S38w6nz+vqg5WZLrLGY4YuSemdMq47GMLBPO42MzwdGwpg/agZ7xzZcFHa48xlywfg==",
      "cpu": [
        "arm64"
      ],
      "dev": true,
      "license": "LGPL-3.0-or-later",
      "optional": true,
      "os": [
        "darwin"
      ],
      "funding": {
        "url": "https://opencollective.com/libvips"
      }
    },
    "node_modules/@img/sharp-libvips-darwin-x64": {
      "version": "1.3.2",
      "resolved": "https://registry.npmjs.org/@img/sharp-libvips-darwin-x64/-/sharp-libvips-darwin-x64-1.3.2.tgz",
      "integrity": "sha512-m2pW1n6cns9VaubNwsZ+c3CRYjxNQWgJ5gPlnL1nbBcpkBvFm6SCFN5o0psFHI8w9n11NKhFkeEDns98tiqbEw==",
      "cpu": [
        "x64"
      ],
      "dev": true,
      "license": "LGPL-3.0-or-later",
      "optional": true,
      "os": [
        "darwin"
      ],
      "funding": {
        "url": "https://opencollective.com/libvips"
      }
    },
    "node_modules/@img/sharp-libvips-linux-arm": {
      "version": "1.3.2",
      "resolved": "https://registry.npmjs.org/@img/sharp-libvips-linux-arm/-/sharp-libvips-linux-arm-1.3.2.tgz",
      "integrity": "sha512-1eMLzy92I4J6rmi4mAT8yC3HxOtniyGELlzGbNMLLeqe052ahFQ0h6LFq+lh5DsDIdYViIDst08abvSbcEdLXQ==",
      "cpu": [
        "arm"
      ],
      "dev": true,
      "license": "LGPL-3.0-or-later",
      "optional": true,
      "os": [
        "linux"
      ],
      "funding": {
        "url": "https://opencollective.com/libvips"
      }
    },
    "node_modules/@img/sharp-libvips-linux-arm64": {
      "version": "1.3.2",
      "resolved": "https://registry.npmjs.org/@img/sharp-libvips-linux-arm64/-/sharp-libvips-linux-arm64-1.3.2.tgz",
      "integrity": "sha512-dqVSFynCox4C/J8kT16V7SIFAns0IjgLwkvYT7p8LQVmJ5OS5b6tI9IGflxTeuBS//zXeFIUbwt5dwxyZ17cnA==",
      "cpu": [
        "arm64"
      ],
      "dev": true,
      "license": "LGPL-3.0-or-later",
      "optional": true,
      "os": [
        "linux"
      ],
      "funding": {
        "url": "https://opencollective.com/libvips"
      }
    },
    "node_modules/@img/sharp-libvips-linux-ppc64": {
      "version": "1.3.2",
      "resolved": "https://registry.npmjs.org/@img/sharp-libvips-linux-ppc64/-/sharp-libvips-linux-ppc64-1.3.2.tgz",
      "integrity": "sha512-3z0NHDxD6n5I9gc05U1eW1AyRm+Gznzq3naMrthPNqE6oYykcogW0l/jfpJdjYnuNl8R7yI9pNbE1XiUeyq0Aw==",
      "cpu": [
        "ppc64"
      ],
      "dev": true,
      "license": "LGPL-3.0-or-later",
      "optional": true,
      "os": [
        "linux"
      ],
      "funding": {
        "url": "https://opencollective.com/libvips"
      }
    },
    "node_modules/@img/sharp-libvips-linux-riscv64": {
      "version": "1.3.2",
      "resolved": "https://registry.npmjs.org/@img/sharp-libvips-linux-riscv64/-/sharp-libvips-linux-riscv64-1.3.2.tgz",
      "integrity": "sha512-bsb4rI+NldGOsXuej2r8OdSS8+zXDVaCWxyWrcv6kneTOlgAHtZABRzBBCwdsPiD90J4myNJuHpg6kA20ImW/w==",
      "cpu": [
        "riscv64"
      ],
      "dev": true,
      "license": "LGPL-3.0-or-later",
      "optional": true,
      "os": [
        "linux"
      ],
      "funding": {
        "url": "https://opencollective.com/libvips"
      }
    },
    "node_modules/@img/sharp-libvips-linux-s390x": {
      "version": "1.3.2",
      "resolved": "https://registry.npmjs.org/@img/sharp-libvips-linux-s390x/-/sharp-libvips-linux-s390x-1.3.2.tgz",
      "integrity": "sha512-/ABshyj8gCpyIrNXnHn4LorDJ0HHm1VhXPBlxZ8zAtfVPAaSafXPGn+sUSIRiwaSBy0mmFjSjiXI5mkcwdChKQ==",
      "cpu": [
        "s390x"
      ],
      "dev": true,
      "license": "LGPL-3.0-or-later",
      "optional": true,
      "os": [
        "linux"
      ],
      "funding": {
        "url": "https://opencollective.com/libvips"
      }
    },
    "node_modules/@img/sharp-libvips-linux-x64": {
      "version": "1.3.2",
      "resolved": "https://registry.npmjs.org/@img/sharp-libvips-linux-x64/-/sharp-libvips-linux-x64-1.3.2.tgz",
      "integrity": "sha512-ITPEtgffGJ0S6G9dRyw/366tJQqFRcHWPHhC+Stpg3Z8AEMrDrTr2lhdz4f/Y/HMbRh//7Z5mBzEpVdi62Oc3w==",
      "cpu": [
        "x64"
      ],
      "dev": true,
      "license": "LGPL-3.0-or-later",
      "optional": true,
      "os": [
        "linux"
      ],
      "funding": {
        "url": "https://opencollective.com/libvips"
      }
    },
    "node_modules/@img/sharp-libvips-linuxmusl-arm64": {
      "version": "1.3.2",
      "resolved": "https://registry.npmjs.org/@img/sharp-libvips-linuxmusl-arm64/-/sharp-libvips-linuxmusl-arm64-1.3.2.tgz",
      "integrity": "sha512-zE9EdiUzUmg5mDT5a1rk5fYJ6GWPloTwWBYDS14naqHsL+EaMpDj1AWnpLgh3u0YCORv2Tt50wrcrpYqkP97Kw==",
      "cpu": [
        "arm64"
      ],
      "dev": true,
      "license": "LGPL-3.0-or-later",
      "optional": true,
      "os": [
        "linux"
      ],
      "funding": {
        "url": "https://opencollective.com/libvips"
      }
    },
    "node_modules/@img/sharp-libvips-linuxmusl-x64": {
      "version": "1.3.2",
      "resolved": "https://registry.npmjs.org/@img/sharp-libvips-linuxmusl-x64/-/sharp-libvips-linuxmusl-x64-1.3.2.tgz",
      "integrity": "sha512-m0lrLiUt+lBYnCFr8qV/65yMR4E/c7/wf78I5eKTdkEakFAlZ9QlzEM3QIhhAwVeUhLAHLcCq7a7Vszq/oFNZQ==",
      "cpu": [
        "x64"
      ],
      "dev": true,
      "license": "LGPL-3.0-or-later",
      "optional": true,
      "os": [
        "linux"
      ],
      "funding": {
        "url": "https://opencollective.com/libvips"
      }
    },
    "node_modules/@img/sharp-linux-arm": {
      "version": "0.35.3",
      "resolved": "https://registry.npmjs.org/@img/sharp-linux-arm/-/sharp-linux-arm-0.35.3.tgz",
      "integrity": "sha512-affVWCTLooy8TSxbDx2qkzuDeaWLNVBA+P//FNBirHsXpP2fuBhk5AuboYUnrDnzoXes8GFjpTx0SBFOCRg+FA==",
      "cpu": [
        "arm"
      ],
      "dev": true,
      "license": "Apache-2.0",
      "optional": true,
      "os": [
        "linux"
      ],
      "engines": {
        "node": ">=20.9.0"
      },
      "funding": {
        "url": "https://opencollective.com/libvips"
      },
      "optionalDependencies": {
        "@img/sharp-libvips-linux-arm": "1.3.2"
      }
    },
    "node_modules/@img/sharp-linux-arm64": {
      "version": "0.35.3",
      "resolved": "https://registry.npmjs.org/@img/sharp-linux-arm64/-/sharp-linux-arm64-0.35.3.tgz",
      "integrity": "sha512-QgKDspHPnrU+GQ55XPhGwyhC8acLVOOSyAvo1oVfFmrIXLkDNmGWzAfDZ4xK8oSA1qBQrALcHX0G5UZni/SuFQ==",
      "cpu": [
        "arm64"
      ],
      "dev": true,
      "license": "Apache-2.0",
      "optional": true,
      "os": [
        "linux"
      ],
      "engines": {
        "node": ">=20.9.0"
      },
      "funding": {
        "url": "https://opencollective.com/libvips"
      },
      "optionalDependencies": {
        "@img/sharp-libvips-linux-arm64": "1.3.2"
      }
    },
    "node_modules/@img/sharp-linux-ppc64": {
      "version": "0.35.3",
      "resolved": "https://registry.npmjs.org/@img/sharp-linux-ppc64/-/sharp-linux-ppc64-0.35.3.tgz",
      "integrity": "sha512-sMd8rDxmpLOwv/7N44klFjOD5DUO7FLdjiXDI0hoxYaf7Ar262dQIEkosE98bps+5HPLtp/EvNqeqQtOycP/IA==",
      "cpu": [
        "ppc64"
      ],
      "dev": true,
      "license": "Apache-2.0",
      "optional": true,
      "os": [
        "linux"
      ],
      "engines": {
        "node": ">=20.9.0"
      },
      "funding": {
        "url": "https://opencollective.com/libvips"
      },
      "optionalDependencies": {
        "@img/sharp-libvips-linux-ppc64": "1.3.2"
      }
    },
    "node_modules/@img/sharp-linux-riscv64": {
      "version": "0.35.3",
      "resolved": "https://registry.npmjs.org/@img/sharp-linux-riscv64/-/sharp-linux-riscv64-0.35.3.tgz",
      "integrity": "sha512-0Eob78yjlYPfL5vMNWAW55l3R9Y6BQS/gOfe0ZcP9mEz9ohhKSt4im1hayiknXgf8AWrFqMvJcKIdmLmEe7yeQ==",
      "cpu": [
        "riscv64"
      ],
      "dev": true,
      "license": "Apache-2.0",
      "optional": true,
      "os": [
        "linux"
      ],
      "engines": {
        "node": ">=20.9.0"
      },
      "funding": {
        "url": "https://opencollective.com/libvips"
      },
      "optionalDependencies": {
        "@img/sharp-libvips-linux-riscv64": "1.3.2"
      }
    },
    "node_modules/@img/sharp-linux-s390x": {
      "version": "0.35.3",
      "resolved": "https://registry.npmjs.org/@img/sharp-linux-s390x/-/sharp-linux-s390x-0.35.3.tgz",
      "integrity": "sha512-KgAxQ0DxpNOq1rG2t5cgTgShJFGSuU7XO45cqC+1NVOuZnP6tlgZRuSYOfNupGkHID0o3cJOsw4DVeJpMovcGw==",
      "cpu": [
        "s390x"
      ],
      "dev": true,
      "license": "Apache-2.0",
      "optional": true,
      "os": [
        "linux"
      ],
      "engines": {
        "node": ">=20.9.0"
      },
      "funding": {
        "url": "https://opencollective.com/libvips"
      },
      "optionalDependencies": {
        "@img/sharp-libvips-linux-s390x": "1.3.2"
      }
    },
    "node_modules/@img/sharp-linux-x64": {
      "version": "0.35.3",
      "resolved": "https://registry.npmjs.org/@img/sharp-linux-x64/-/sharp-linux-x64-0.35.3.tgz",
      "integrity": "sha512-8pqvxubL2PGdhlPy6GLqzDYMUjyRmKAwKHYKixpdJYBUK7PJ0C029XdsnpFIdgRZG68fZiGdHVWcKPvtiPB4cA==",
      "cpu": [
        "x64"
      ],
      "dev": true,
      "license": "Apache-2.0",
      "optional": true,
      "os": [
        "linux"
      ],
      "engines": {
        "node": ">=20.9.0"
      },
      "funding": {
        "url": "https://opencollective.com/libvips"
      },
      "optionalDependencies": {
        "@img/sharp-libvips-linux-x64": "1.3.2"
      }
    },
    "node_modules/@img/sharp-linuxmusl-arm64": {
      "version": "0.35.3",
      "resolved": "https://registry.npmjs.org/@img/sharp-linuxmusl-arm64/-/sharp-linuxmusl-arm64-0.35.3.tgz",
      "integrity": "sha512-Vz0iQjzzcSX3HCbfwFfCSG/9SCIqyO0mH2sXyiHaAYfBk0cRsCWXRyQYX0ovCK/PAQBbTzQ0dsPQHh5MAFL59w==",
      "cpu": [
        "arm64"
      ],
      "dev": true,
      "license": "Apache-2.0",
      "optional": true,
      "os": [
        "linux"
      ],
      "engines": {
        "node": ">=20.9.0"
      },
      "funding": {
        "url": "https://opencollective.com/libvips"
      },
      "optionalDependencies": {
        "@img/sharp-libvips-linuxmusl-arm64": "1.3.2"
      }
    },
    "node_modules/@img/sharp-linuxmusl-x64": {
      "version": "0.35.3",
      "resolved": "https://registry.npmjs.org/@img/sharp-linuxmusl-x64/-/sharp-linuxmusl-x64-0.35.3.tgz",
      "integrity": "sha512-6O1NPKcDVj9QEdg7Hx549EX8U0rp6yXQERqru6yRN7fGBn32UvIRJUlWnk+8xDCiG76hXVBbX82NZ/ZKr0euIg==",
      "cpu": [
        "x64"
      ],
      "dev": true,
      "license": "Apache-2.0",
      "optional": true,
      "os": [
        "linux"
      ],
      "engines": {
        "node": ">=20.9.0"
      },
      "funding": {
        "url": "https://opencollective.com/libvips"
      },
      "optionalDependencies": {
        "@img/sharp-libvips-linuxmusl-x64": "1.3.2"
      }
    },
    "node_modules/@img/sharp-wasm32": {
      "version": "0.35.3",
      "resolved": "https://registry.npmjs.org/@img/sharp-wasm32/-/sharp-wasm32-0.35.3.tgz",
      "integrity": "sha512-cZ0XkcYGpHZkqW6iCkqTcmUC0CD9DhD5d/qeZlZkfRBn6GnHniZXLUo5+9xw8Iv76YE6LQFN9YNBlKREcCG76w==",
      "dev": true,
      "license": "Apache-2.0 AND LGPL-3.0-or-later AND MIT",
      "optional": true,
      "dependencies": {
        "@emnapi/runtime": "^1.11.1"
      },
      "engines": {
        "node": ">=20.9.0"
      },
      "funding": {
        "url": "https://opencollective.com/libvips"
      }
    },
    "node_modules/@img/sharp-webcontainers-wasm32": {
      "version": "0.35.3",
      "resolved": "https://registry.npmjs.org/@img/sharp-webcontainers-wasm32/-/sharp-webcontainers-wasm32-0.35.3.tgz",
      "integrity": "sha512-2rnq7bX3NzeR2T4YWgz8qiG4h3TSdMe+vN1iQXpJleSJ3SM5zQ8Fy2SyyXAWlbxpEZ2Y+Z4u1BePgJEYbSy80Q==",
      "cpu": [
        "wasm32"
      ],
      "dev": true,
      "license": "Apache-2.0",
      "optional": true,
      "dependencies": {
        "@img/sharp-wasm32": "0.35.3"
      },
      "engines": {
        "node": ">=20.9.0"
      },
      "funding": {
        "url": "https://opencollective.com/libvips"
      }
    },
    "node_modules/@img/sharp-win32-arm64": {
      "version": "0.35.3",
      "resolved": "https://registry.npmjs.org/@img/sharp-win32-arm64/-/sharp-win32-arm64-0.35.3.tgz",
      "integrity": "sha512-4bPwFdMbeC4JQ8L8LOyWp6nsHcboP5fxkp6iPOXz2Vg49R42TuMs2whkJ5OAP4/Ul035qOzy0AecOF9VOscn4w==",
      "cpu": [
        "arm64"
      ],
      "dev": true,
      "license": "Apache-2.0 AND LGPL-3.0-or-later",
      "optional": true,
      "os": [
        "win32"
      ],
      "engines": {
        "node": ">=20.9.0"
      },
      "funding": {
        "url": "https://opencollective.com/libvips"
      }
    },
    "node_modules/@img/sharp-win32-ia32": {
      "version": "0.35.3",
      "resolved": "https://registry.npmjs.org/@img/sharp-win32-ia32/-/sharp-win32-ia32-0.35.3.tgz",
      "integrity": "sha512-r53mXsBN6lFUDiST764SvgwUdHAqM4rPAiDzAmf4fLoB6X/rkfyTrLCg6+g17wJJiCmB3JYgHuUldCWUIRFSXw==",
      "cpu": [
        "ia32"
      ],
      "dev": true,
      "license": "Apache-2.0 AND LGPL-3.0-or-later",
      "optional": true,
      "os": [
        "win32"
      ],
      "engines": {
        "node": "^20.9.0"
      },
      "funding": {
        "url": "https://opencollective.com/libvips"
      }
    },
    "node_modules/@img/sharp-win32-x64": {
      "version": "0.35.3",
      "resolved": "https://registry.npmjs.org/@img/sharp-win32-x64/-/sharp-win32-x64-0.35.3.tgz",
      "integrity": "sha512-D4y1vNeZrIIJCN+uHaWVtH86B+aCrdMYYjicy9pXHvbGZeGYLLSd3wdVuC37FxVXlU1ARsk84eKWfWMXGYEqvA==",
      "cpu": [
        "x64"
      ],
      "dev": true,
      "license": "Apache-2.0 AND LGPL-3.0-or-later",
      "optional": true,
      "os": [
        "win32"
      ],
      "engines": {
        "node": ">=20.9.0"
      },
      "funding": {
        "url": "https://opencollective.com/libvips"
      }
    },
    "node_modules/@jridgewell/gen-mapping": {
      "version": "0.3.13",
      "resolved": "https://registry.npmjs.org/@jridgewell/gen-mapping/-/gen-mapping-0.3.13.tgz",
      "integrity": "sha512-2kkt/7niJ6MgEPxF0bYdQ6etZaA+fQvDcLKckhy1yIQOzaoKjBBjSj63/aLVjYE3qhRt5dvM+uUyfCg6UKCBbA==",
      "dev": true,
      "license": "MIT",
      "dependencies": {
        "@jridgewell/sourcemap-codec": "^1.5.0",
        "@jridgewell/trace-mapping": "^0.3.24"
      }
    },
    "node_modules/@jridgewell/resolve-uri": {
      "version": "3.1.2",
      "resolved": "https://registry.npmjs.org/@jridgewell/resolve-uri/-/resolve-uri-3.1.2.tgz",
      "integrity": "sha512-bRISgCIjP20/tbWSPWMEi54QVPRZExkuD9lJL+UIxUKtwVJA8wW1Trb1jMs1RFXo1CBTNZ/5hpC9QvmKWdopKw==",
      "dev": true,
      "license": "MIT",
      "engines": {
        "node": ">=6.0.0"
      }
    },
    "node_modules/@jridgewell/source-map": {
      "version": "0.3.11",
      "resolved": "https://registry.npmjs.org/@jridgewell/source-map/-/source-map-0.3.11.tgz",
      "integrity": "sha512-ZMp1V8ZFcPG5dIWnQLr3NSI1MiCU7UETdS/A0G8V/XWHvJv3ZsFqutJn1Y5RPmAPX6F3BiE397OqveU/9NCuIA==",
      "dev": true,
      "license": "MIT",
      "dependencies": {
        "@jridgewell/gen-mapping": "^0.3.5",
        "@jridgewell/trace-mapping": "^0.3.25"
      }
    },
    "node_modules/@jridgewell/sourcemap-codec": {
      "version": "1.5.5",
      "resolved": "https://registry.npmjs.org/@jridgewell/sourcemap-codec/-/sourcemap-codec-1.5.5.tgz",
      "integrity": "sha512-cYQ9310grqxueWbl+WuIUIaiUaDcj7WOq5fVhEljNVgRfOUhY9fy2zTvfoqWsnebh8Sl70VScFbICvJnLKB0Og==",
      "dev": true,
      "license": "MIT"
    },
    "node_modules/@jridgewell/trace-mapping": {
      "version": "0.3.31",
      "resolved": "https://registry.npmjs.org/@jridgewell/trace-mapping/-/trace-mapping-0.3.31.tgz",
      "integrity": "sha512-zzNR+SdQSDJzc8joaeP8QQoCQr8NuYx2dIIytl1QeBEZHJ9uW6hebsrYgbz8hJwUQao3TWCMtmfV8Nu1twOLAw==",
      "dev": true,
      "license": "MIT",
      "dependencies": {
        "@jridgewell/resolve-uri": "^3.1.0",
        "@jridgewell/sourcemap-codec": "^1.4.14"
      }
    },
    "node_modules/@puppeteer/browsers": {
      "version": "3.0.6",
      "resolved": "https://registry.npmjs.org/@puppeteer/browsers/-/browsers-3.0.6.tgz",
      "integrity": "sha512-B/gKoqlFkzhvzsI6jo9K1cZz9o5ypviVv/xu8CwA4grZzyVwN+XfkT+tu8T1zrauuEXv6VhS2oGX+6NL95WcKA==",
      "dev": true,
      "license": "Apache-2.0",
      "dependencies": {
        "modern-tar": "^0.7.6",
        "yargs": "^18.0.0"
      },
      "bin": {
        "browsers": "lib/main-cli.js"
      },
      "engines": {
        "node": ">=22.12.0"
      },
      "peerDependencies": {
        "proxy-agent": ">=8.0.1",
        "yauzl": "^2.10.0 || ^3.4.0"
      },
      "peerDependenciesMeta": {
        "proxy-agent": {
          "optional": true
        },
        "yauzl": {
          "optional": true
        }
      }
    },
    "node_modules/acorn": {
      "version": "8.17.0",
      "resolved": "https://registry.npmjs.org/acorn/-/acorn-8.17.0.tgz",
      "integrity": "sha512-xRQbDb9BnwDafYNn6Vwl839DYVjqXYb1XVGtWAZ1kcDc6iwAL4hg3B1dZlRiuENFeO2H53gFG3in621AdERVAg==",
      "dev": true,
      "license": "MIT",
      "bin": {
        "acorn": "bin/acorn"
      },
      "engines": {
        "node": ">=0.4.0"
      }
    },
    "node_modules/ansi-regex": {
      "version": "6.2.2",
      "resolved": "https://registry.npmjs.org/ansi-regex/-/ansi-regex-6.2.2.tgz",
      "integrity": "sha512-Bq3SmSpyFHaWjPk8If9yc6svM8c56dB5BAtW4Qbw5jHTwwXXcTLoRMkpDJp6VL0XzlWaCHTXrkFURMYmD0sLqg==",
      "dev": true,
      "license": "MIT",
      "engines": {
        "node": ">=12"
      },
      "funding": {
        "url": "https://github.com/chalk/ansi-regex?sponsor=1"
      }
    },
    "node_modules/ansi-styles": {
      "version": "6.2.3",
      "resolved": "https://registry.npmjs.org/ansi-styles/-/ansi-styles-6.2.3.tgz",
      "integrity": "sha512-4Dj6M28JB+oAH8kFkTLUo+a2jwOFkuqb3yucU0CANcRRUbxS0cP0nZYCGjcc3BNXwRIsUVmDGgzawme7zvJHvg==",
      "dev": true,
      "license": "MIT",
      "engines": {
        "node": ">=12"
      },
      "funding": {
        "url": "https://github.com/chalk/ansi-styles?sponsor=1"
      }
    },
    "node_modules/buffer-from": {
      "version": "1.1.2",
      "resolved": "https://registry.npmjs.org/buffer-from/-/buffer-from-1.1.2.tgz",
      "integrity": "sha512-E+XQCRwSbaaiChtv6k6Dwgc+bx+Bs6vuKJHHl5kox/BaKbhiXzqQOwK4cO22yElGp2OCmjwVhT3HmxgyPGnJfQ==",
      "dev": true,
      "license": "MIT"
    },
    "node_modules/camel-case": {
      "version": "4.1.2",
      "resolved": "https://registry.npmjs.org/camel-case/-/camel-case-4.1.2.tgz",
      "integrity": "sha512-gxGWBrTT1JuMx6R+o5PTXMmUnhnVzLQ9SNutD4YqKtI6ap897t3tKECYla6gCWEkplXnlNybEkZg9GEGxKFCgw==",
      "dev": true,
      "license": "MIT",
      "dependencies": {
        "pascal-case": "^3.1.2",
        "tslib": "^2.0.3"
      }
    },
    "node_modules/chromium-bidi": {
      "version": "17.0.2",
      "resolved": "https://registry.npmjs.org/chromium-bidi/-/chromium-bidi-17.0.2.tgz",
      "integrity": "sha512-5v9GQFhTktFvotn/OFNJBmKLKRAb6n9r0bVCwf7sHgWc3/JryK0bj1nn93L3pHFrfgcsu6Be6EWsDi+1XHTGDg==",
      "dev": true,
      "license": "Apache-2.0",
      "dependencies": {
        "mitt": "^3.0.1",
        "zod": "^3.24.1"
      },
      "engines": {
        "node": ">=20.19.0 <22.0.0 || >=22.12.0"
      },
      "peerDependencies": {
        "devtools-protocol": "*"
      }
    },
    "node_modules/clean-css": {
      "version": "5.3.3",
      "resolved": "https://registry.npmjs.org/clean-css/-/clean-css-5.3.3.tgz",
      "integrity": "sha512-D5J+kHaVb/wKSFcyyV75uCn8fiY4sV38XJoe4CUyGQ+mOU/fMVYUdH1hJC+CJQ5uY3EnW27SbJYS4X8BiLrAFg==",
      "dev": true,
      "license": "MIT",
      "dependencies": {
        "source-map": "~0.6.0"
      },
      "engines": {
        "node": ">= 10.0"
      }
    },
    "node_modules/cliui": {
      "version": "9.0.1",
      "resolved": "https://registry.npmjs.org/cliui/-/cliui-9.0.1.tgz",
      "integrity": "sha512-k7ndgKhwoQveBL+/1tqGJYNz097I7WOvwbmmU2AR5+magtbjPWQTS1C5vzGkBC8Ym8UWRzfKUzUUqFLypY4Q+w==",
      "dev": true,
      "license": "ISC",
      "dependencies": {
        "string-width": "^7.2.0",
        "strip-ansi": "^7.1.0",
        "wrap-ansi": "^9.0.0"
      },
      "engines": {
        "node": ">=20"
      }
    },
    "node_modules/cliui/node_modules/string-width": {
      "version": "7.2.0",
      "resolved": "https://registry.npmjs.org/string-width/-/string-width-7.2.0.tgz",
      "integrity": "sha512-tsaTIkKW9b4N+AEj+SVA+WhJzV7/zMhcSu78mLKWSk7cXMOSHsBKFWUs0fWwq8QyK3MgJBQRX6Gbi4kYbdvGkQ==",
      "dev": true,
      "license": "MIT",
      "dependencies": {
        "emoji-regex": "^10.3.0",
        "get-east-asian-width": "^1.0.0",
        "strip-ansi": "^7.1.0"
      },
      "engines": {
        "node": ">=18"
      },
      "funding": {
        "url": "https://github.com/sponsors/sindresorhus"
      }
    },
    "node_modules/commander": {
      "version": "10.0.1",
      "resolved": "https://registry.npmjs.org/commander/-/commander-10.0.1.tgz",
      "integrity": "sha512-y4Mg2tXshplEbSGzx7amzPwKKOCGuoSRP/CjEdwwk0FOGlUbq6lKuoyDZTNZkmxHdJtp54hdfY/JUrdL7Xfdug==",
      "dev": true,
      "license": "MIT",
      "engines": {
        "node": ">=14"
      }
    },
    "node_modules/detect-libc": {
      "version": "2.1.2",
      "resolved": "https://registry.npmjs.org/detect-libc/-/detect-libc-2.1.2.tgz",
      "integrity": "sha512-Btj2BOOO83o3WyH59e8MgXsxEQVcarkUOpEYrubB0urwnN10yQ364rsiByU11nZlqWYZm05i/of7io4mzihBtQ==",
      "dev": true,
      "license": "Apache-2.0",
      "engines": {
        "node": ">=8"
      }
    },
    "node_modules/devtools-protocol": {
      "version": "0.0.1653615",
      "resolved": "https://registry.npmjs.org/devtools-protocol/-/devtools-protocol-0.0.1653615.tgz",
      "integrity": "sha512-pGVkY3T/qXxAp2nFPodwYqOevk6ncNMSmvL8QfRCx5ZWGd6Vor7AFNmyaA8Zs6uJyP1QAfjuLandCgvSix1BNA==",
      "dev": true,
      "license": "BSD-3-Clause"
    },
    "node_modules/dot-case": {
      "version": "3.0.4",
      "resolved": "https://registry.npmjs.org/dot-case/-/dot-case-3.0.4.tgz",
      "integrity": "sha512-Kv5nKlh6yRrdrGvxeJ2e5y2eRUpkUosIW4A2AS38zwSz27zu7ufDwQPi5Jhs3XAlGNetl3bmnGhQsMtkKJnj3w==",
      "dev": true,
      "license": "MIT",
      "dependencies": {
        "no-case": "^3.0.4",
        "tslib": "^2.0.3"
      }
    },
    "node_modules/emoji-regex": {
      "version": "10.6.0",
      "resolved": "https://registry.npmjs.org/emoji-regex/-/emoji-regex-10.6.0.tgz",
      "integrity": "sha512-toUI84YS5YmxW219erniWD0CIVOo46xGKColeNQRgOzDorgBi1v4D71/OFzgD9GO2UGKIv1C3Sp8DAn0+j5w7A==",
      "dev": true,
      "license": "MIT"
    },
    "node_modules/entities": {
      "version": "4.5.0",
      "resolved": "https://registry.npmjs.org/entities/-/entities-4.5.0.tgz",
      "integrity": "sha512-V0hjH4dGPh9Ao5p0MoRY6BVqtwCjhz6vI5LT8AJ55H+4g9/4vbHx1I54fS0XuclLhDHArPQCiMjDxjaL8fPxhw==",
      "dev": true,
      "license": "BSD-2-Clause",
      "engines": {
        "node": ">=0.12"
      },
      "funding": {
        "url": "https://github.com/fb55/entities?sponsor=1"
      }
    },
    "node_modules/escalade": {
      "version": "3.2.0",
      "resolved": "https://registry.npmjs.org/escalade/-/escalade-3.2.0.tgz",
      "integrity": "sha512-WUj2qlxaQtO4g6Pq5c29GTcWGDyd8itL8zTlipgECz3JesAiiOKotd8JU6otB3PACgG6xkJUyVhboMS+bje/jA==",
      "dev": true,
      "license": "MIT",
      "engines": {
        "node": ">=6"
      }
    },
    "node_modules/get-caller-file": {
      "version": "2.0.5",
      "resolved": "https://registry.npmjs.org/get-caller-file/-/get-caller-file-2.0.5.tgz",
      "integrity": "sha512-DyFP3BM/3YHTQOCUL/w0OZHR0lpKeGrxotcHWcqNEdnltqFwXVfhEBQ94eIo34AfQpo0rGki4cyIiftY06h2Fg==",
      "dev": true,
      "license": "ISC",
      "engines": {
        "node": "6.* || 8.* || >= 10.*"
      }
    },
    "node_modules/get-east-asian-width": {
      "version": "1.6.0",
      "resolved": "https://registry.npmjs.org/get-east-asian-width/-/get-east-asian-width-1.6.0.tgz",
      "integrity": "sha512-QRbvDIbx6YklUe6RxeTeleMR0yv3cYH6PsPZHcnVn7xv7zO1BHN8r0XETu8n6Ye3Q+ahtSarc3WgtNWmehIBfA==",
      "dev": true,
      "license": "MIT",
      "engines": {
        "node": ">=18"
      },
      "funding": {
        "url": "https://github.com/sponsors/sindresorhus"
      }
    },
    "node_modules/html-minifier-terser": {
      "version": "7.2.0",
      "resolved": "https://registry.npmjs.org/html-minifier-terser/-/html-minifier-terser-7.2.0.tgz",
      "integrity": "sha512-tXgn3QfqPIpGl9o+K5tpcj3/MN4SfLtsx2GWwBC3SSd0tXQGyF3gsSqad8loJgKZGM3ZxbYDd5yhiBIdWpmvLA==",
      "dev": true,
      "license": "MIT",
      "dependencies": {
        "camel-case": "^4.1.2",
        "clean-css": "~5.3.2",
        "commander": "^10.0.0",
        "entities": "^4.4.0",
        "param-case": "^3.0.4",
        "relateurl": "^0.2.7",
        "terser": "^5.15.1"
      },
      "bin": {
        "html-minifier-terser": "cli.js"
      },
      "engines": {
        "node": "^14.13.1 || >=16.0.0"
      }
    },
    "node_modules/lower-case": {
      "version": "2.0.2",
      "resolved": "https://registry.npmjs.org/lower-case/-/lower-case-2.0.2.tgz",
      "integrity": "sha512-7fm3l3NAF9WfN6W3JOmf5drwpVqX78JtoGJ3A6W0a6ZnldM41w2fV5D490psKFTpMds8TJse/eHLFFsNHHjHgg==",
      "dev": true,
      "license": "MIT",
      "dependencies": {
        "tslib": "^2.0.3"
      }
    },
    "node_modules/mitt": {
      "version": "3.0.1",
      "resolved": "https://registry.npmjs.org/mitt/-/mitt-3.0.1.tgz",
      "integrity": "sha512-vKivATfr97l2/QBCYAkXYDbrIWPM2IIKEl7YPhjCvKlG3kE2gm+uBo6nEXK3M5/Ffh/FLpKExzOQ3JJoJGFKBw==",
      "dev": true,
      "license": "MIT"
    },
    "node_modules/modern-tar": {
      "version": "0.7.7",
      "resolved": "https://registry.npmjs.org/modern-tar/-/modern-tar-0.7.7.tgz",
      "integrity": "sha512-t9VmxaqrmANnEOBhpSDI6HD192Ge48k8vmWqQQL7hSFEqHEYwZbbsu49+aKLWZeRvFs3j1pMhXOqqF4kPlvjkQ==",
      "dev": true,
      "license": "MIT",
      "engines": {
        "node": ">=18.0.0"
      }
    },
    "node_modules/no-case": {
      "version": "3.0.4",
      "resolved": "https://registry.npmjs.org/no-case/-/no-case-3.0.4.tgz",
      "integrity": "sha512-fgAN3jGAh+RoxUGZHTSOLJIqUc2wmoBwGR4tbpNAKmmovFoWq0OdRkb0VkldReO2a2iBT/OEulG9XSUc10r3zg==",
      "dev": true,
      "license": "MIT",
      "dependencies": {
        "lower-case": "^2.0.2",
        "tslib": "^2.0.3"
      }
    },
    "node_modules/param-case": {
      "version": "3.0.4",
      "resolved": "https://registry.npmjs.org/param-case/-/param-case-3.0.4.tgz",
      "integrity": "sha512-RXlj7zCYokReqWpOPH9oYivUzLYZ5vAPIfEmCTNViosC78F8F0H9y7T7gG2M39ymgutxF5gcFEsyZQSph9Bp3A==",
      "dev": true,
      "license": "MIT",
      "dependencies": {
        "dot-case": "^3.0.4",
        "tslib": "^2.0.3"
      }
    },
    "node_modules/pascal-case": {
      "version": "3.1.2",
      "resolved": "https://registry.npmjs.org/pascal-case/-/pascal-case-3.1.2.tgz",
      "integrity": "sha512-uWlGT3YSnK9x3BQJaOdcZwrnV6hPpd8jFH1/ucpiLRPh/2zCVJKS19E4GvYHvaCcACn3foXZ0cLB9Wrx1KGe5g==",
      "dev": true,
      "license": "MIT",
      "dependencies": {
        "no-case": "^3.0.4",
        "tslib": "^2.0.3"
      }
    },
    "node_modules/puppeteer-core": {
      "version": "25.4.0",
      "resolved": "https://registry.npmjs.org/puppeteer-core/-/puppeteer-core-25.4.0.tgz",
      "integrity": "sha512-K1plkLOdeoUnGeT1OvdqF3qxl33v+Ra/uH5VyPEhXdMcpvGiEskHzxxEU3fgpccJpJLIipB/rPUsvkZRWeKqOA==",
      "dev": true,
      "license": "Apache-2.0",
      "dependencies": {
        "@puppeteer/browsers": "3.0.6",
        "chromium-bidi": "17.0.2",
        "devtools-protocol": "0.0.1653615",
        "typed-query-selector": "^2.12.2",
        "webdriver-bidi-protocol": "0.4.2",
        "ws": "^8.21.1"
      },
      "engines": {
        "node": ">=22.12.0"
      }
    },
    "node_modules/relateurl": {
      "version": "0.2.7",
      "resolved": "https://registry.npmjs.org/relateurl/-/relateurl-0.2.7.tgz",
      "integrity": "sha512-G08Dxvm4iDN3MLM0EsP62EDV9IuhXPR6blNz6Utcp7zyV3tr4HVNINt6MpaRWbxoOHT3Q7YN2P+jaHX8vUbgog==",
      "dev": true,
      "license": "MIT",
      "engines": {
        "node": ">= 0.10"
      }
    },
    "node_modules/semver": {
      "version": "7.8.5",
      "resolved": "https://registry.npmjs.org/semver/-/semver-7.8.5.tgz",
      "integrity": "sha512-Y7/KDsb8LjooZpwaqGyulO6DQlksgCncchHGk+sZIY4SBvUocMBEFH5Ur1fI4dV+Jvl0w6cjvucaIi40puRioA==",
      "dev": true,
      "license": "ISC",
      "bin": {
        "semver": "bin/semver.js"
      },
      "engines": {
        "node": ">=10"
      }
    },
    "node_modules/sharp": {
      "version": "0.35.3",
      "resolved": "https://registry.npmjs.org/sharp/-/sharp-0.35.3.tgz",
      "integrity": "sha512-ej0zVHuZGHCiABXcNxeYhpRnPNPAcvbG8RMdBAhDAxLKkCRVSpK3Iyu7qbqw3JMzoj0REeM6f3tJLtVwl0023Q==",
      "dev": true,
      "license": "Apache-2.0",
      "dependencies": {
        "@img/colour": "^1.1.0",
        "detect-libc": "^2.1.2",
        "semver": "^7.8.5"
      },
      "engines": {
        "node": ">=20.9.0"
      },
      "funding": {
        "url": "https://opencollective.com/libvips"
      },
      "optionalDependencies": {
        "@img/sharp-darwin-arm64": "0.35.3",
        "@img/sharp-darwin-x64": "0.35.3",
        "@img/sharp-freebsd-wasm32": "0.35.3",
        "@img/sharp-libvips-darwin-arm64": "1.3.2",
        "@img/sharp-libvips-darwin-x64": "1.3.2",
        "@img/sharp-libvips-linux-arm": "1.3.2",
        "@img/sharp-libvips-linux-arm64": "1.3.2",
        "@img/sharp-libvips-linux-ppc64": "1.3.2",
        "@img/sharp-libvips-linux-riscv64": "1.3.2",
        "@img/sharp-libvips-linux-s390x": "1.3.2",
        "@img/sharp-libvips-linux-x64": "1.3.2",
        "@img/sharp-libvips-linuxmusl-arm64": "1.3.2",
        "@img/sharp-libvips-linuxmusl-x64": "1.3.2",
        "@img/sharp-linux-arm": "0.35.3",
        "@img/sharp-linux-arm64": "0.35.3",
        "@img/sharp-linux-ppc64": "0.35.3",
        "@img/sharp-linux-riscv64": "0.35.3",
        "@img/sharp-linux-s390x": "0.35.3",
        "@img/sharp-linux-x64": "0.35.3",
        "@img/sharp-linuxmusl-arm64": "0.35.3",
        "@img/sharp-linuxmusl-x64": "0.35.3",
        "@img/sharp-webcontainers-wasm32": "0.35.3",
        "@img/sharp-win32-arm64": "0.35.3",
        "@img/sharp-win32-ia32": "0.35.3",
        "@img/sharp-win32-x64": "0.35.3"
      },
      "peerDependenciesMeta": {
        "@types/node": {
          "optional": true
        }
      }
    },
    "node_modules/source-map": {
      "version": "0.6.1",
      "resolved": "https://registry.npmjs.org/source-map/-/source-map-0.6.1.tgz",
      "integrity": "sha512-UjgapumWlbMhkBgzT7Ykc5YXUT46F0iKu8SGXq0bcwP5dz/h0Plj6enJqjz1Zbq2l5WaqYnrVbwWOWMyF3F47g==",
      "dev": true,
      "license": "BSD-3-Clause",
      "engines": {
        "node": ">=0.10.0"
      }
    },
    "node_modules/source-map-support": {
      "version": "0.5.21",
      "resolved": "https://registry.npmjs.org/source-map-support/-/source-map-support-0.5.21.tgz",
      "integrity": "sha512-uBHU3L3czsIyYXKX88fdrGovxdSCoTGDRZ6SYXtSRxLZUzHg5P/66Ht6uoUlHu9EZod+inXhKo3qQgwXUT/y1w==",
      "dev": true,
      "license": "MIT",
      "dependencies": {
        "buffer-from": "^1.0.0",
        "source-map": "^0.6.0"
      }
    },
    "node_modules/string-width": {
      "version": "8.2.2",
      "resolved": "https://registry.npmjs.org/string-width/-/string-width-8.2.2.tgz",
      "integrity": "sha512-GaPUh5gfdrYzqeVNZvUfT23vYYxXzKYidUcnMtJg/3rxRV63EFZy3k6xfKlmfeJD0176lnUV/Usr3XcwSvFzpg==",
      "dev": true,
      "license": "MIT",
      "dependencies": {
        "get-east-asian-width": "^1.5.0",
        "strip-ansi": "^7.1.2"
      },
      "engines": {
        "node": ">=20"
      },
      "funding": {
        "url": "https://github.com/sponsors/sindresorhus"
      }
    },
    "node_modules/strip-ansi": {
      "version": "7.2.0",
      "resolved": "https://registry.npmjs.org/strip-ansi/-/strip-ansi-7.2.0.tgz",
      "integrity": "sha512-yDPMNjp4WyfYBkHnjIRLfca1i6KMyGCtsVgoKe/z1+6vukgaENdgGBZt+ZmKPc4gavvEZ5OgHfHdrazhgNyG7w==",
      "dev": true,
      "license": "MIT",
      "dependencies": {
        "ansi-regex": "^6.2.2"
      },
      "engines": {
        "node": ">=12"
      },
      "funding": {
        "url": "https://github.com/chalk/strip-ansi?sponsor=1"
      }
    },
    "node_modules/terser": {
      "version": "5.49.0",
      "resolved": "https://registry.npmjs.org/terser/-/terser-5.49.0.tgz",
      "integrity": "sha512-SNiDnXyHSrxVcIOtVbULzcTmniUiwcV7Nwdyj1twVubeTmbjoa8p69KKDpfkdoOavuM4/GRm1+ykI8qqnavHoA==",
      "dev": true,
      "license": "BSD-2-Clause",
      "dependencies": {
        "@jridgewell/source-map": "^0.3.3",
        "acorn": "^8.15.0",
        "commander": "^2.20.0",
        "source-map-support": "~0.5.20"
      },
      "bin": {
        "terser": "bin/terser"
      },
      "engines": {
        "node": ">=10"
      }
    },
    "node_modules/terser/node_modules/commander": {
      "version": "2.20.3",
      "resolved": "https://registry.npmjs.org/commander/-/commander-2.20.3.tgz",
      "integrity": "sha512-GpVkmM8vF2vQUkj2LvZmD35JxeJOLCwJ9cUkugyk2nuhbv3+mJvpLYYt+0+USMxE+oj+ey/lJEnhZw75x/OMcQ==",
      "dev": true,
      "license": "MIT"
    },
    "node_modules/tslib": {
      "version": "2.8.1",
      "resolved": "https://registry.npmjs.org/tslib/-/tslib-2.8.1.tgz",
      "integrity": "sha512-oJFu94HQb+KVduSUQL7wnpmqnfmLsOA/nAh6b6EH0wCEoK0/mPeXU6c3wKDV83MkOuHPRHtSXKKU99IBazS/2w==",
      "dev": true,
      "license": "0BSD"
    },
    "node_modules/typed-query-selector": {
      "version": "2.12.2",
      "resolved": "https://registry.npmjs.org/typed-query-selector/-/typed-query-selector-2.12.2.tgz",
      "integrity": "sha512-EOPFbyIub4ngnEdqi2yOcNeDLaX/0jcE1JoAXQDDMIthap7FoN795lc/SHfIq2d416VufXpM8z/lD+WRm2gfOQ==",
      "dev": true,
      "license": "MIT"
    },
    "node_modules/webdriver-bidi-protocol": {
      "version": "0.4.2",
      "resolved": "https://registry.npmjs.org/webdriver-bidi-protocol/-/webdriver-bidi-protocol-0.4.2.tgz",
      "integrity": "sha512-VSV+fzfChirL3e7jay2yUC7B4HQCGtEWEg/MSSQbK+qWbqeGlRLlXTzPpYr3XGUvbpDHumWZBJxgesg4N7dbtA==",
      "dev": true,
      "license": "Apache-2.0"
    },
    "node_modules/wrap-ansi": {
      "version": "9.0.2",
      "resolved": "https://registry.npmjs.org/wrap-ansi/-/wrap-ansi-9.0.2.tgz",
      "integrity": "sha512-42AtmgqjV+X1VpdOfyTGOYRi0/zsoLqtXQckTmqTeybT+BDIbM/Guxo7x3pE2vtpr1ok6xRqM9OpBe+Jyoqyww==",
      "dev": true,
      "license": "MIT",
      "dependencies": {
        "ansi-styles": "^6.2.1",
        "string-width": "^7.0.0",
        "strip-ansi": "^7.1.0"
      },
      "engines": {
        "node": ">=18"
      },
      "funding": {
        "url": "https://github.com/chalk/wrap-ansi?sponsor=1"
      }
    },
    "node_modules/wrap-ansi/node_modules/string-width": {
      "version": "7.2.0",
      "resolved": "https://registry.npmjs.org/string-width/-/string-width-7.2.0.tgz",
      "integrity": "sha512-tsaTIkKW9b4N+AEj+SVA+WhJzV7/zMhcSu78mLKWSk7cXMOSHsBKFWUs0fWwq8QyK3MgJBQRX6Gbi4kYbdvGkQ==",
      "dev": true,
      "license": "MIT",
      "dependencies": {
        "emoji-regex": "^10.3.0",
        "get-east-asian-width": "^1.0.0",
        "strip-ansi": "^7.1.0"
      },
      "engines": {
        "node": ">=18"
      },
      "funding": {
        "url": "https://github.com/sponsors/sindresorhus"
      }
    },
    "node_modules/ws": {
      "version": "8.21.1",
      "resolved": "https://registry.npmjs.org/ws/-/ws-8.21.1.tgz",
      "integrity": "sha512-+0NTnW77fFN/DjQi6k/Sq/Yvk4Sgajw7urW8V+asjXnRgDs9gyGkdb7EzgfhA4goXsRIZKE28fzIXBHEzhuiWw==",
      "dev": true,
      "license": "MIT",
      "engines": {
        "node": ">=10.0.0"
      },
      "peerDependencies": {
        "bufferutil": "^4.0.1",
        "utf-8-validate": ">=5.0.2"
      },
      "peerDependenciesMeta": {
        "bufferutil": {
          "optional": true
        },
        "utf-8-validate": {
          "optional": true
        }
      }
    },
    "node_modules/y18n": {
      "version": "5.0.8",
      "resolved": "https://registry.npmjs.org/y18n/-/y18n-5.0.8.tgz",
      "integrity": "sha512-0pfFzegeDWJHJIAmTLRP2DwHjdF5s7jo9tuztdQxAhINCdvS+3nGINqPd00AphqJR/0LhANUS6/+7SCb98YOfA==",
      "dev": true,
      "license": "ISC",
      "engines": {
        "node": ">=10"
      }
    },
    "node_modules/yargs": {
      "version": "18.1.0",
      "resolved": "https://registry.npmjs.org/yargs/-/yargs-18.1.0.tgz",
      "integrity": "sha512-2rAgRKu54VsHkqI0/tYkmluGXHD4KW7yZoycuqDQ15QOTnc2VVfy0nN/1eMhnQLO00A+dwtK20xuCnc1YGeUyg==",
      "dev": true,
      "license": "MIT",
      "dependencies": {
        "cliui": "^9.0.1",
        "escalade": "^3.1.1",
        "get-caller-file": "^2.0.5",
        "string-width": "^8.2.1",
        "y18n": "^5.0.5",
        "yargs-parser": "^22.0.0"
      },
      "engines": {
        "node": "^20.19.0 || ^22.12.0 || >=23"
      }
    },
    "node_modules/yargs-parser": {
      "version": "22.0.0",
      "resolved": "https://registry.npmjs.org/yargs-parser/-/yargs-parser-22.0.0.tgz",
      "integrity": "sha512-rwu/ClNdSMpkSrUb+d6BRsSkLUq1fmfsY6TOpYzTwvwkg1/NRG85KBy3kq++A8LKQwX6lsu+aWad+2khvuXrqw==",
      "dev": true,
      "license": "ISC",
      "engines": {
        "node": "^20.19.0 || ^22.12.0 || >=23"
      }
    },
    "node_modules/zod": {
      "version": "3.25.76",
      "resolved": "https://registry.npmjs.org/zod/-/zod-3.25.76.tgz",
      "integrity": "sha512-gzUt/qt81nXsFGKIFcC3YnfEAx5NkunCfnDlvuBSSFS02bcXu4Lmea0AFIUwbLWxWPx3d9p8S5QoaujKcNQxcQ==",
      "dev": true,
      "license": "MIT",
      "funding": {
        "url": "https://github.com/sponsors/colinhacks"
      }
    }
  }
}
